
Microsoft Visual Studio Solution File, Format Version 12.00
# Visual Studio Version 16
VisualStudioVersion = 16.0.31129.286
MinimumVisualStudioVersion = 10.0.40219.1
Project("{9A19103F-16F7-4668-BE54-9A1E7A4F7556}") = "Git", "Git.csproj", "{FDBAEA8F-37BC-4E93-BBEC-54DD27B38BE9}"
EndProject
Project("{FAE04EC0-301F-11D3-BF4B-00C04F79EFBC}") = "MyWebServer", "..\MyWebServer\MyWebServer.csproj", "{7F41E690-EE68-4E94-9873-E1F0E7B8F5E6}"
EndProject
Global
	GlobalSection(SolutionConfigurationPlatforms) = preSolution
		Debug|Any CPU = Debug|Any CPU
		Release|Any CPU = Release|Any CPU
	EndGlobalSection
	GlobalSection(ProjectConfigurationPlatforms) = postSolution
		{FDBAEA8F-37BC-4E93-BBEC-54DD27B38BE9}.Debug|Any CPU.ActiveCfg = Debug|Any CPU
		{FDBAEA8F-37BC-4E93-BBEC-54DD27B38BE9}.Debug|Any CPU.Build.0 = Debug|Any CPU
		{FDBAEA8F-37BC-4E93-BBEC-54DD27B38BE9}.Release|Any CPU.ActiveCfg = Release|Any CPU
		{FDBAEA8F-37BC-4E93-BBEC-54DD27B38BE9}.Release|Any CPU.Build.0 = Release|Any CPU
		{7F41E690-EE68-4E94-9873-E1F0E7B8F5E6}.Debug|Any CPU.ActiveCfg = Debug|Any CPU
		{7F41E690-EE68-4E94-9873-E1F0E7B8F5E6}.Debug|Any CPU.Build.0 = Debug|Any CPU
		{7F41E690-EE68-4E94-9873-E1F0E7B8F5E6}.Release|Any CPU.ActiveCfg = Release|Any CPU
		{7F41E690-EE68-4E94-9873-E1F0E7B8F5E6}.Release|Any CPU.Build.0 = Release|Any CPU
	EndGlobalSection
	GlobalSection(SolutionProperties) = preSolution
		HideSolutionNode = FALSE
	EndGlobalSection
	GlobalSection(ExtensibilityGlobals) = postSolution
		SolutionGuid = {58A82503-7341-4058-9D14-1D3AF5CFBAB1}
	EndGlobalSection
EndGlobal
