
Microsoft Visual Studio Solution File, Format Version 12.00
# Visual Studio Version 16
VisualStudioVersion = 16.0.30002.166
MinimumVisualStudioVersion = 10.0.40219.1
Project("{FAE04EC0-301F-11D3-BF4B-00C04F79EFBC}") = "P01_HospitalDatabase", "P01_HospitalDatabase\P01_HospitalDatabase.csproj", "{B37BC36D-5BAB-4F66-92AD-A069FCDB73CE}"
EndProject
Project("{FAE04EC0-301F-11D3-BF4B-00C04F79EFBC}") = "P03_SalesDatabase", "P03_SalesDatabase\P03_SalesDatabase.csproj", "{0445B07A-9B60-44ED-B746-A389704ADC24}"
EndProject
Global
	GlobalSection(SolutionConfigurationPlatforms) = preSolution
		Debug|Any CPU = Debug|Any CPU
		Release|Any CPU = Release|Any CPU
	EndGlobalSection
	GlobalSection(ProjectConfigurationPlatforms) = postSolution
		{B37BC36D-5BAB-4F66-92AD-A069FCDB73CE}.Debug|Any CPU.ActiveCfg = Debug|Any CPU
		{B37BC36D-5BAB-4F66-92AD-A069FCDB73CE}.Debug|Any CPU.Build.0 = Debug|Any CPU
		{B37BC36D-5BAB-4F66-92AD-A069FCDB73CE}.Release|Any CPU.ActiveCfg = Release|Any CPU
		{B37BC36D-5BAB-4F66-92AD-A069FCDB73CE}.Release|Any CPU.Build.0 = Release|Any CPU
		{0445B07A-9B60-44ED-B746-A389704ADC24}.Debug|Any CPU.ActiveCfg = Debug|Any CPU
		{0445B07A-9B60-44ED-B746-A389704ADC24}.Debug|Any CPU.Build.0 = Debug|Any CPU
		{0445B07A-9B60-44ED-B746-A389704ADC24}.Release|Any CPU.ActiveCfg = Release|Any CPU
		{0445B07A-9B60-44ED-B746-A389704ADC24}.Release|Any CPU.Build.0 = Release|Any CPU
	EndGlobalSection
	GlobalSection(SolutionProperties) = preSolution
		HideSolutionNode = FALSE
	EndGlobalSection
	GlobalSection(ExtensibilityGlobals) = postSolution
		SolutionGuid = {FD059737-1628-44A1-8FA0-722E3E0C973F}
	EndGlobalSection
EndGlobal
